github.com/gorhill/cronexpr v0.0.0-20180427100037-88b0669f7d75 h1:f0n1xnMSmBLzVfsMMvriDyA75NB/oBgILX2GcHXIQzY=
github.com/gorhill/cronexpr v0.0.0-20180427100037-88b0669f7d75/go.mod h1:g2644b03hfBX9Ov0ZBDgXXens4rxSxmqFBbhvKv2yVA=
github.com/gotomicro/ekit v0.0.5 h1:eZ5axuq+FcpOKnhkUSO1vV0vw9AwR2zT92vge5ysb6k=
github.com/gotomicro/ekit v0.0.5/go.mod h1:Rirmnqxa2vk14Ua6nyfb2ommH3Pj83h1TD8o6F49IDs=
github.com/gotomicro/eorm v0.0.2-0.20221213164427-140b746f606e h1:uTFEURWR9sCMYzWy6qVboFL0Vkt/Rk+ajh40JZ5lrDk=
github.com/gotomicro/eorm v0.0.2-0.20221213164427-140b746f606e/go.mod h1:X0If4uhOQpZbF1NRTcp9QwgQixHSsQBPXLriWF2QZ54=
github.com/robfig/cron/v3 v3.0.1 h1:WdRxkvbJztn8LMz/QEvLN5sBU+xKpSqwwUO1Pjr4qDs=
github.com/robfig/cron/v3 v3.0.1/go.mod h1:eQICP3HwyT7UooqI/z+Ov+PtYAWygg1TEWWzGIFLtro=
github.com/valyala/bytebufferpool v1.0.0 h1:GqA5TC/0021Y/b9FG4Oi9Mr3q7XYx6KllzawFIhcdPw=
github.com/valyala/bytebufferpool v1.0.0/go.mod h1:6bBcMArwyJ5K/AmCkWv1jt77kVWyCJ6HpOuEn7z0Csc=
